<?xml version="1.0" encoding="utf-8"?>
<Project ToolsVersion="4.0" xmlns="http://schemas.microsoft.com/developer/msbuild/2003">
  <ItemGroup>
    <Filter Include="Source Files">
      <UniqueIdentifier>{4FC737F1-C7A5-4376-A066-2A32D752A2FF}</UniqueIdentifier>
      <Extensions>cpp;c;cc;cxx;def;odl;idl;hpj;bat;asm;asmx</Extensions>
    </Filter>
    <Filter Include="Header Files">
      <UniqueIdentifier>{93995380-89BD-4b04-88EB-625FBE52EBFB}</UniqueIdentifier>
      <Extensions>h;hpp;hxx;hm;inl;inc;xsd</Extensions>
    </Filter>
    <Filter Include="Resource Files">
      <UniqueIdentifier>{67DA6AB6-F800-4c08-8B7A-83BB121AAD01}</UniqueIdentifier>
      <Extensions>rc;ico;cur;bmp;dlg;rc2;rct;bin;rgs;gif;jpg;jpeg;jpe;resx;tiff;tif;png;wav;mfcribbon-ms</Extensions>
    </Filter>
    <Filter Include="Driver Files">
      <UniqueIdentifier>{8E41214B-6785-4CFE-B992-037D68949A14}</UniqueIdentifier>
      <Extensions>inf;inv;inx;mof;mc;</Extensions>
    </Filter>
  </ItemGroup>
  <ItemGroup>
    <Inf Include="MiraCleaner.inf">
      <Filter>Driver Files</Filter>
    </Inf>
  </ItemGroup>
  <ItemGroup>
    <ClInclude Include="Driver.h">
      <Filter>Header Files</Filter>
    </ClInclude>
    <ClInclude Include="SerialGenerator.h">
      <Filter>Header Files</Filter>
    </ClInclude>
    <ClInclude Include="GuidGenerator.h">
      <Filter>Header Files</Filter>
    </ClInclude>
    <ClInclude Include="EpicCleaner.h">
      <Filter>Header Files</Filter>
    </ClInclude>
    <ClInclude Include="RegistryHelper.h">
      <Filter>Header Files</Filter>
    </ClInclude>
    <ClInclude Include="NetworkSpoofing.h">
      <Filter>Header Files</Filter>
    </ClInclude>
    <ClInclude Include="ProfileManager.h">
      <Filter>Header Files</Filter>
    </ClInclude>
    <ClInclude Include="SeedManager.h">
      <Filter>Header Files</Filter>
    </ClInclude>
    <ClInclude Include="EntropyCollector.h">
      <Filter>Header Files</Filter>
    </ClInclude>
    <ClInclude Include="PlatformDetector.h">
      <Filter>Header Files</Filter>
    </ClInclude>
    <ClInclude Include="SeedValidator.h">
      <Filter>Header Files</Filter>
    </ClInclude>
    <ClInclude Include="SeedPersistence.h">
      <Filter>Header Files</Filter>
    </ClInclude>
    <ClInclude Include="CryptoProvider.h">
      <Filter>Header Files</Filter>
    </ClInclude>
    <ClInclude Include="NetworkCleaner.h">
      <Filter>Header Files</Filter>
    </ClInclude>
    <ClInclude Include="XboxCleaner.h">
      <Filter>Header Files</Filter>
    </ClInclude>
    <ClInclude Include="FormatDetector.h">
      <Filter>Header Files</Filter>
    </ClInclude>
    <ClInclude Include="IntegratedCleaner.h">
      <Filter>Header Files</Filter>
    </ClInclude>
  </ItemGroup>
  <ItemGroup>
    <ClCompile Include="Driver.c">
      <Filter>Source Files</Filter>
    </ClCompile>
    <ClCompile Include="SerialGenerator.c">
      <Filter>Source Files</Filter>
    </ClCompile>
    <ClCompile Include="GuidGenerator.c">
      <Filter>Source Files</Filter>
    </ClCompile>
    <ClCompile Include="EpicCleaner.c">
      <Filter>Source Files</Filter>
    </ClCompile>
    <ClCompile Include="RegistryHelper.c">
      <Filter>Source Files</Filter>
    </ClCompile>
    <ClCompile Include="NetworkSpoofing.c">
      <Filter>Source Files</Filter>
    </ClCompile>
    <ClCompile Include="ProfileManager.c">
      <Filter>Source Files</Filter>
    </ClCompile>
    <ClCompile Include="SeedManager.c">
      <Filter>Source Files</Filter>
    </ClCompile>
    <ClCompile Include="EntropyCollector.c">
      <Filter>Source Files</Filter>
    </ClCompile>
    <ClCompile Include="PlatformDetector.c">
      <Filter>Source Files</Filter>
    </ClCompile>
    <ClCompile Include="SeedValidator.c">
      <Filter>Source Files</Filter>
    </ClCompile>
    <ClCompile Include="SeedPersistence.c">
      <Filter>Source Files</Filter>
    </ClCompile>
    <ClCompile Include="CryptoProvider.c">
      <Filter>Source Files</Filter>
    </ClCompile>
    <ClCompile Include="NetworkCleaner.c">
      <Filter>Source Files</Filter>
    </ClCompile>
    <ClCompile Include="XboxCleaner.c">
      <Filter>Source Files</Filter>
    </ClCompile>
    <ClCompile Include="FormatDetector.c">
      <Filter>Source Files</Filter>
    </ClCompile>
    <ClCompile Include="IntegratedCleaner.c">
      <Filter>Source Files</Filter>
    </ClCompile>
  </ItemGroup>
  <ItemGroup>
    <None Include="MINHOOK_FIX_GUIDE.md" />
    <None Include="DLL_INTEGRATION_FIX.md" />
    <None Include="COMPLETE_STATUS_AND_FIXES.md" />
    <None Include="WDM_CONVERSION_COMPLETE.md" />
    <None Include="WDM_VS_WDF_REFERENCE.md" />
    <None Include="GLOBAL_INIT_FIX_COMPLETE.md" />
  </ItemGroup>
</Project>